
Microsoft Visual Studio Solution File, Format Version 12.00
# Visual Studio 2012
Project("{FAE04EC0-301F-11D3-BF4B-00C04F79EFBC}") = "RBI", "RBI\RBI.csproj", "{BFDCBA7F-AE8A-4577-A476-D3F9BF5255E9}"
EndProject
Global
	GlobalSection(SolutionConfigurationPlatforms) = preSolution
		Debug|Any CPU = Debug|Any CPU
		Release|Any CPU = Release|Any CPU
	EndGlobalSection
	GlobalSection(ProjectConfigurationPlatforms) = postSolution
		{BFDCBA7F-AE8A-4577-A476-D3F9BF5255E9}.Debug|Any CPU.ActiveCfg = Debug|Any CPU
		{BFDCBA7F-AE8A-4577-A476-D3F9BF5255E9}.Debug|Any CPU.Build.0 = Debug|Any CPU
		{BFDCBA7F-AE8A-4577-A476-D3F9BF5255E9}.Release|Any CPU.ActiveCfg = Release|Any CPU
		{BFDCBA7F-AE8A-4577-A476-D3F9BF5255E9}.Release|Any CPU.Build.0 = Release|Any CPU
	EndGlobalSection
	GlobalSection(SolutionProperties) = preSolution
		HideSolutionNode = FALSE
	EndGlobalSection
EndGlobal
